
Microsoft Visual Studio Solution File, Format Version 12.00
# Visual Studio Version 17
VisualStudioVersion = 17.10.35027.167
MinimumVisualStudioVersion = 10.0.40219.1
Project("{FAE04EC0-301F-11D3-BF4B-00C04F79EFBC}") = "App.Repositories", "App.Repositories\App.Repositories.csproj", "{82ECF24F-DBAE-4025-8155-0A36BD8024E2}"
EndProject
Project("{FAE04EC0-301F-11D3-BF4B-00C04F79EFBC}") = "App.Services", "App.Services\App.Services.csproj", "{165C16A2-ACC3-460E-80CB-93C8410F2DCC}"
EndProject
Project("{FAE04EC0-301F-11D3-BF4B-00C04F79EFBC}") = "App.API", "App.API\App.API.csproj", "{544C2ED5-86B5-45F0-8631-EEF0A700A93D}"
EndProject
Project("{2150E333-8FDC-42A3-9474-1A3956D46DE8}") = "NLayerArchitecture", "NLayerArchitecture", "{296CE1D3-8842-49F5-9277-46E67C969C15}"
EndProject
Project("{2150E333-8FDC-42A3-9474-1A3956D46DE8}") = "CleanArchitecture", "CleanArchitecture", "{ADB7CA58-0311-4FBE-A53F-A66C23FD662A}"
EndProject
Project("{2150E333-8FDC-42A3-9474-1A3956D46DE8}") = "src", "src", "{E6646983-5077-443D-9D63-AE9A3515D5FC}"
EndProject
Project("{2150E333-8FDC-42A3-9474-1A3956D46DE8}") = "test", "test", "{F3770573-D458-4D7F-80C7-E90A1A64663F}"
EndProject
Project("{2150E333-8FDC-42A3-9474-1A3956D46DE8}") = "core", "core", "{F9793DE9-8215-48A4-A01F-307BDA8CDC24}"
EndProject
Project("{FAE04EC0-301F-11D3-BF4B-00C04F79EFBC}") = "App.Domain", "App.Domain\App.Domain.csproj", "{B0C30341-1D35-4F31-828C-B125ABBBA07A}"
EndProject
Project("{FAE04EC0-301F-11D3-BF4B-00C04F79EFBC}") = "App.Application", "App.Application\App.Application.csproj", "{9B550E30-3BF4-4B44-9678-CE47C19A1EEC}"
EndProject
Project("{2150E333-8FDC-42A3-9474-1A3956D46DE8}") = "infrastructure", "infrastructure", "{7B515760-21A4-4CED-91A9-533641FE5A67}"
EndProject
Project("{FAE04EC0-301F-11D3-BF4B-00C04F79EFBC}") = "App.Persistence", "App.Persistence\App.Persistence.csproj", "{B42458EE-A19C-4750-B1D4-74C9296A4A68}"
EndProject
Project("{2150E333-8FDC-42A3-9474-1A3956D46DE8}") = "API", "API", "{68C1E7CF-1491-4ADC-8ED9-2AF4FC22F6E0}"
EndProject
Project("{FAE04EC0-301F-11D3-BF4B-00C04F79EFBC}") = "CleanApp.API", "CleanApp.API\CleanApp.API.csproj", "{F809F443-E73D-4972-A76D-B6176E2DAF52}"
EndProject
Global
	GlobalSection(SolutionConfigurationPlatforms) = preSolution
		Debug|Any CPU = Debug|Any CPU
		Release|Any CPU = Release|Any CPU
	EndGlobalSection
	GlobalSection(ProjectConfigurationPlatforms) = postSolution
		{82ECF24F-DBAE-4025-8155-0A36BD8024E2}.Debug|Any CPU.ActiveCfg = Debug|Any CPU
		{82ECF24F-DBAE-4025-8155-0A36BD8024E2}.Debug|Any CPU.Build.0 = Debug|Any CPU
		{82ECF24F-DBAE-4025-8155-0A36BD8024E2}.Release|Any CPU.ActiveCfg = Release|Any CPU
		{82ECF24F-DBAE-4025-8155-0A36BD8024E2}.Release|Any CPU.Build.0 = Release|Any CPU
		{165C16A2-ACC3-460E-80CB-93C8410F2DCC}.Debug|Any CPU.ActiveCfg = Debug|Any CPU
		{165C16A2-ACC3-460E-80CB-93C8410F2DCC}.Debug|Any CPU.Build.0 = Debug|Any CPU
		{165C16A2-ACC3-460E-80CB-93C8410F2DCC}.Release|Any CPU.ActiveCfg = Release|Any CPU
		{165C16A2-ACC3-460E-80CB-93C8410F2DCC}.Release|Any CPU.Build.0 = Release|Any CPU
		{544C2ED5-86B5-45F0-8631-EEF0A700A93D}.Debug|Any CPU.ActiveCfg = Debug|Any CPU
		{544C2ED5-86B5-45F0-8631-EEF0A700A93D}.Debug|Any CPU.Build.0 = Debug|Any CPU
		{544C2ED5-86B5-45F0-8631-EEF0A700A93D}.Release|Any CPU.ActiveCfg = Release|Any CPU
		{544C2ED5-86B5-45F0-8631-EEF0A700A93D}.Release|Any CPU.Build.0 = Release|Any CPU
		{B0C30341-1D35-4F31-828C-B125ABBBA07A}.Debug|Any CPU.ActiveCfg = Debug|Any CPU
		{B0C30341-1D35-4F31-828C-B125ABBBA07A}.Debug|Any CPU.Build.0 = Debug|Any CPU
		{B0C30341-1D35-4F31-828C-B125ABBBA07A}.Release|Any CPU.ActiveCfg = Release|Any CPU
		{B0C30341-1D35-4F31-828C-B125ABBBA07A}.Release|Any CPU.Build.0 = Release|Any CPU
		{9B550E30-3BF4-4B44-9678-CE47C19A1EEC}.Debug|Any CPU.ActiveCfg = Debug|Any CPU
		{9B550E30-3BF4-4B44-9678-CE47C19A1EEC}.Debug|Any CPU.Build.0 = Debug|Any CPU
		{9B550E30-3BF4-4B44-9678-CE47C19A1EEC}.Release|Any CPU.ActiveCfg = Release|Any CPU
		{9B550E30-3BF4-4B44-9678-CE47C19A1EEC}.Release|Any CPU.Build.0 = Release|Any CPU
		{B42458EE-A19C-4750-B1D4-74C9296A4A68}.Debug|Any CPU.ActiveCfg = Debug|Any CPU
		{B42458EE-A19C-4750-B1D4-74C9296A4A68}.Debug|Any CPU.Build.0 = Debug|Any CPU
		{B42458EE-A19C-4750-B1D4-74C9296A4A68}.Release|Any CPU.ActiveCfg = Release|Any CPU
		{B42458EE-A19C-4750-B1D4-74C9296A4A68}.Release|Any CPU.Build.0 = Release|Any CPU
		{F809F443-E73D-4972-A76D-B6176E2DAF52}.Debug|Any CPU.ActiveCfg = Debug|Any CPU
		{F809F443-E73D-4972-A76D-B6176E2DAF52}.Debug|Any CPU.Build.0 = Debug|Any CPU
		{F809F443-E73D-4972-A76D-B6176E2DAF52}.Release|Any CPU.ActiveCfg = Release|Any CPU
		{F809F443-E73D-4972-A76D-B6176E2DAF52}.Release|Any CPU.Build.0 = Release|Any CPU
	EndGlobalSection
	GlobalSection(SolutionProperties) = preSolution
		HideSolutionNode = FALSE
	EndGlobalSection
	GlobalSection(NestedProjects) = preSolution
		{82ECF24F-DBAE-4025-8155-0A36BD8024E2} = {296CE1D3-8842-49F5-9277-46E67C969C15}
		{165C16A2-ACC3-460E-80CB-93C8410F2DCC} = {296CE1D3-8842-49F5-9277-46E67C969C15}
		{544C2ED5-86B5-45F0-8631-EEF0A700A93D} = {296CE1D3-8842-49F5-9277-46E67C969C15}
		{E6646983-5077-443D-9D63-AE9A3515D5FC} = {ADB7CA58-0311-4FBE-A53F-A66C23FD662A}
		{F3770573-D458-4D7F-80C7-E90A1A64663F} = {ADB7CA58-0311-4FBE-A53F-A66C23FD662A}
		{F9793DE9-8215-48A4-A01F-307BDA8CDC24} = {E6646983-5077-443D-9D63-AE9A3515D5FC}
		{B0C30341-1D35-4F31-828C-B125ABBBA07A} = {F9793DE9-8215-48A4-A01F-307BDA8CDC24}
		{9B550E30-3BF4-4B44-9678-CE47C19A1EEC} = {F9793DE9-8215-48A4-A01F-307BDA8CDC24}
		{7B515760-21A4-4CED-91A9-533641FE5A67} = {E6646983-5077-443D-9D63-AE9A3515D5FC}
		{B42458EE-A19C-4750-B1D4-74C9296A4A68} = {7B515760-21A4-4CED-91A9-533641FE5A67}
		{68C1E7CF-1491-4ADC-8ED9-2AF4FC22F6E0} = {E6646983-5077-443D-9D63-AE9A3515D5FC}
		{F809F443-E73D-4972-A76D-B6176E2DAF52} = {68C1E7CF-1491-4ADC-8ED9-2AF4FC22F6E0}
	EndGlobalSection
	GlobalSection(ExtensibilityGlobals) = postSolution
		SolutionGuid = {B50B8253-1AE2-4F8E-AF89-26AAB8296521}
	EndGlobalSection
EndGlobal
